using System;
using System.Collections.Generic;
using System.Linq;
using System.Text;
using System.Threading.Tasks;

namespace classexample

{
    class car
    {
        public string name;
        public void company()
        {
            Console.WriteLine(" enter your fav  car comapny");
            name = Console.ReadLine();
        }


    }
    class program
    {
        static void Main(string[] args)
        {

            car a = new car();
            a.company();
            Console.WriteLine(" your fav car comapany is " + a.name);
            Console.ReadLine();

        }
    }
}
